// !$*UTF8*$!
{
	archiveVersion = 1;
	classes = {
	};
	objectVersion = 51;
	objects = {

/* Begin PBXBuildFile section */
		62D90E09A8C4E5A0ACAF7EB1 /* Pods_CleanSky.framework in Frameworks */ = {isa = PBXBuildFile; fileRef = 1B9570038F85400DA3DCAEBC /* Pods_CleanSky.framework */; };
		9224027A2286D80100B9733F /* TemperatureConverter.swift in Sources */ = {isa = PBXBuildFile; fileRef = 922402792286D80100B9733F /* TemperatureConverter.swift */; };
		9224027C2286D84500B9733F /* Temperature.swift in Sources */ = {isa = PBXBuildFile; fileRef = 9224027B2286D84500B9733F /* Temperature.swift */; };
		925D2CE92282087500F14C2C /* WeatherDataModel.swift in Sources */ = {isa = PBXBuildFile; fileRef = 925D2CE82282087500F14C2C /* WeatherDataModel.swift */; };
		926DBAE32281FC0000B58B00 /* AppDelegate.swift in Sources */ = {isa = PBXBuildFile; fileRef = 926DBAE22281FC0000B58B00 /* AppDelegate.swift */; };
		926DBAE52281FC0000B58B00 /* WeatherViewController.swift in Sources */ = {isa = PBXBuildFile; fileRef = 926DBAE42281FC0000B58B00 /* WeatherViewController.swift */; };
		926DBAE82281FC0000B58B00 /* Main.storyboard in Resources */ = {isa = PBXBuildFile; fileRef = 926DBAE62281FC0000B58B00 /* Main.storyboard */; };
		926DBAEA2281FC0200B58B00 /* Assets.xcassets in Resources */ = {isa = PBXBuildFile; fileRef = 926DBAE92281FC0200B58B00 /* Assets.xcassets */; };
		926DBAED2281FC0200B58B00 /* LaunchScreen.storyboard in Resources */ = {isa = PBXBuildFile; fileRef = 926DBAEB2281FC0200B58B00 /* LaunchScreen.storyboard */; };
/* End PBXBuildFile section */

/* Begin PBXFileReference section */
		1B9570038F85400DA3DCAEBC /* Pods_CleanSky.framework */ = {isa = PBXFileReference; explicitFileType = wrapper.framework; includeInIndex = 0; path = Pods_CleanSky.framework; sourceTree = BUILT_PRODUCTS_DIR; };
		614D510A3BA4B233C8150B42 /* Pods-CleanSky.release.xcconfig */ = {isa = PBXFileReference; includeInIndex = 1; lastKnownFileType = text.xcconfig; name = "Pods-CleanSky.release.xcconfig"; path = "Target Support Files/Pods-CleanSky/Pods-CleanSky.release.xcconfig"; sourceTree = "<group>"; };
		922402792286D80100B9733F /* TemperatureConverter.swift */ = {isa = PBXFileReference; lastKnownFileType = sourcecode.swift; path = TemperatureConverter.swift; sourceTree = "<group>"; };
		9224027B2286D84500B9733F /* Temperature.swift */ = {isa = PBXFileReference; lastKnownFileType = sourcecode.swift; path = Temperature.swift; sourceTree = "<group>"; };
		925D2CE82282087500F14C2C /* WeatherDataModel.swift */ = {isa = PBXFileReference; lastKnownFileType = sourcecode.swift; path = WeatherDataModel.swift; sourceTree = "<group>"; };
		926DBADF2281FC0000B58B00 /* CleanSky.app */ = {isa = PBXFileReference; explicitFileType = wrapper.application; includeInIndex = 0; path = CleanSky.app; sourceTree = BUILT_PRODUCTS_DIR; };
		926DBAE22281FC0000B58B00 /* AppDelegate.swift */ = {isa = PBXFileReference; lastKnownFileType = sourcecode.swift; path = AppDelegate.swift; sourceTree = "<group>"; };
		926DBAE42281FC0000B58B00 /* WeatherViewController.swift */ = {isa = PBXFileReference; lastKnownFileType = sourcecode.swift; path = WeatherViewController.swift; sourceTree = "<group>"; };
		926DBAE72281FC0000B58B00 /* Base */ = {isa = PBXFileReference; lastKnownFileType = file.storyboard; name = Base; path = Base.lproj/Main.storyboard; sourceTree = "<group>"; };
		926DBAE92281FC0200B58B00 /* Assets.xcassets */ = {isa = PBXFileReference; lastKnownFileType = folder.assetcatalog; path = Assets.xcassets; sourceTree = "<group>"; };
		926DBAEC2281FC0200B58B00 /* Base */ = {isa = PBXFileReference; lastKnownFileType = file.storyboard; name = Base; path = Base.lproj/LaunchScreen.storyboard; sourceTree = "<group>"; };
		926DBAEE2281FC0200B58B00 /* Info.plist */ = {isa = PBXFileReference; lastKnownFileType = text.plist.xml; path = Info.plist; sourceTree = "<group>"; };
		D36797786896F22FACC2B228 /* Pods-CleanSky.debug.xcconfig */ = {isa = PBXFileReference; includeInIndex = 1; lastKnownFileType = text.xcconfig; name = "Pods-CleanSky.debug.xcconfig"; path = "Target Support Files/Pods-CleanSky/Pods-CleanSky.debug.xcconfig"; sourceTree = "<group>"; };
/* End PBXFileReference section */

/* Begin PBXFrameworksBuildPhase section */
		926DBADC2281FC0000B58B00 /* Frameworks */ = {
			isa = PBXFrameworksBuildPhase;
			buildActionMask = 2147483647;
			files = (
				62D90E09A8C4E5A0ACAF7EB1 /* Pods_CleanSky.framework in Frameworks */,
			);
			runOnlyForDeploymentPostprocessing = 0;
		};
/* End PBXFrameworksBuildPhase section */

/* Begin PBXGroup section */
		4004413E02E383FDD3BD312A /* Pods */ = {
			isa = PBXGroup;
			children = (
				D36797786896F22FACC2B228 /* Pods-CleanSky.debug.xcconfig */,
				614D510A3BA4B233C8150B42 /* Pods-CleanSky.release.xcconfig */,
			);
			path = Pods;
			sourceTree = "<group>";
		};
		925D2CE62282083700F14C2C /* View */ = {
			isa = PBXGroup;
			children = (
				926DBAEB2281FC0200B58B00 /* LaunchScreen.storyboard */,
				926DBAE62281FC0000B58B00 /* Main.storyboard */,
			);
			path = View;
			sourceTree = "<group>";
		};
		925D2CE72282084600F14C2C /* Controller */ = {
			isa = PBXGroup;
			children = (
				926DBAE42281FC0000B58B00 /* WeatherViewController.swift */,
			);
			path = Controller;
			sourceTree = "<group>";
		};
		925D2CEA2282087B00F14C2C /* Model */ = {
			isa = PBXGroup;
			children = (
				925D2CE82282087500F14C2C /* WeatherDataModel.swift */,
				922402792286D80100B9733F /* TemperatureConverter.swift */,
				9224027B2286D84500B9733F /* Temperature.swift */,
			);
			path = Model;
			sourceTree = "<group>";
		};
		925D2CEB228208D600F14C2C /* SupportingFiles */ = {
			isa = PBXGroup;
			children = (
				926DBAE92281FC0200B58B00 /* Assets.xcassets */,
				926DBAEE2281FC0200B58B00 /* Info.plist */,
			);
			path = SupportingFiles;
			sourceTree = "<group>";
		};
		926DBAD62281FC0000B58B00 = {
			isa = PBXGroup;
			children = (
				926DBAE12281FC0000B58B00 /* CleanSky */,
				926DBAE02281FC0000B58B00 /* Products */,
				4004413E02E383FDD3BD312A /* Pods */,
				A2ACE7936835AA04D15EFC9D /* Frameworks */,
			);
			sourceTree = "<group>";
		};
		926DBAE02281FC0000B58B00 /* Products */ = {
			isa = PBXGroup;
			children = (
				926DBADF2281FC0000B58B00 /* CleanSky.app */,
			);
			name = Products;
			sourceTree = "<group>";
		};
		926DBAE12281FC0000B58B00 /* CleanSky */ = {
			isa = PBXGroup;
			children = (
				926DBAE22281FC0000B58B00 /* AppDelegate.swift */,
				925D2CEA2282087B00F14C2C /* Model */,
				925D2CE62282083700F14C2C /* View */,
				925D2CE72282084600F14C2C /* Controller */,
				925D2CEB228208D600F14C2C /* SupportingFiles */,
			);
			path = CleanSky;
			sourceTree = "<group>";
		};
		A2ACE7936835AA04D15EFC9D /* Frameworks */ = {
			isa = PBXGroup;
			children = (
				1B9570038F85400DA3DCAEBC /* Pods_CleanSky.framework */,
			);
			name = Frameworks;
			sourceTree = "<group>";
		};
/* End PBXGroup section */

/* Begin PBXNativeTarget section */
		926DBADE2281FC0000B58B00 /* CleanSky */ = {
			isa = PBXNativeTarget;
			buildConfigurationList = 926DBAF12281FC0200B58B00 /* Build configuration list for PBXNativeTarget "CleanSky" */;
			buildPhases = (
				7A497B494482D1000686FE27 /* [CP] Check Pods Manifest.lock */,
				926DBADB2281FC0000B58B00 /* Sources */,
				926DBADC2281FC0000B58B00 /* Frameworks */,
				926DBADD2281FC0000B58B00 /* Resources */,
				0E06FC5DA2DEDD8F5B98D367 /* [CP] Embed Pods Frameworks */,
			);
			buildRules = (
			);
			dependencies = (
			);
			name = CleanSky;
			productName = CleanSky;
			productReference = 926DBADF2281FC0000B58B00 /* CleanSky.app */;
			productType = "com.apple.product-type.application";
		};
/* End PBXNativeTarget section */

/* Begin PBXProject section */
		926DBAD72281FC0000B58B00 /* Project object */ = {
			isa = PBXProject;
			attributes = {
				LastSwiftUpdateCheck = 1020;
				LastUpgradeCheck = 1020;
				ORGANIZATIONNAME = "Vladimir Brejcha";
				TargetAttributes = {
					926DBADE2281FC0000B58B00 = {
						CreatedOnToolsVersion = 10.2.1;
					};
				};
			};
			buildConfigurationList = 926DBADA2281FC0000B58B00 /* Build configuration list for PBXProject "CleanSky" */;
			compatibilityVersion = "Xcode 10.0";
			developmentRegion = en;
			hasScannedForEncodings = 0;
			knownRegions = (
				en,
				Base,
			);
			mainGroup = 926DBAD62281FC0000B58B00;
			productRefGroup = 926DBAE02281FC0000B58B00 /* Products */;
			projectDirPath = "";
			projectRoot = "";
			targets = (
				926DBADE2281FC0000B58B00 /* CleanSky */,
			);
		};
/* End PBXProject section */

/* Begin PBXResourcesBuildPhase section */
		926DBADD2281FC0000B58B00 /* Resources */ = {
			isa = PBXResourcesBuildPhase;
			buildActionMask = 2147483647;
			files = (
				926DBAED2281FC0200B58B00 /* LaunchScreen.storyboard in Resources */,
				926DBAEA2281FC0200B58B00 /* Assets.xcassets in Resources */,
				926DBAE82281FC0000B58B00 /* Main.storyboard in Resources */,
			);
			runOnlyForDeploymentPostprocessing = 0;
		};
/* End PBXResourcesBuildPhase section */

/* Begin PBXShellScriptBuildPhase section */
		0E06FC5DA2DEDD8F5B98D367 /* [CP] Embed Pods Frameworks */ = {
			isa = PBXShellScriptBuildPhase;
			buildActionMask = 2147483647;
			files = (
			);
			inputFileListPaths = (
			);
			inputPaths = (
				"${PODS_ROOT}/Target Support Files/Pods-CleanSky/Pods-CleanSky-frameworks.sh",
				"${BUILT_PRODUCTS_DIR}/Alamofire/Alamofire.framework",
				"${BUILT_PRODUCTS_DIR}/Dropdowns/Dropdowns.framework",
				"${BUILT_PRODUCTS_DIR}/SwiftyJSON/SwiftyJSON.framework",
			);
			name = "[CP] Embed Pods Frameworks";
			outputFileListPaths = (
			);
			outputPaths = (
				"${TARGET_BUILD_DIR}/${FRAMEWORKS_FOLDER_PATH}/Alamofire.framework",
				"${TARGET_BUILD_DIR}/${FRAMEWORKS_FOLDER_PATH}/Dropdowns.framework",
				"${TARGET_BUILD_DIR}/${FRAMEWORKS_FOLDER_PATH}/SwiftyJSON.framework",
			);
			runOnlyForDeploymentPostprocessing = 0;
			shellPath = /bin/sh;
			shellScript = "\"${PODS_ROOT}/Target Support Files/Pods-CleanSky/Pods-CleanSky-frameworks.sh\"\n";
			showEnvVarsInLog = 0;
		};
		7A497B494482D1000686FE27 /* [CP] Check Pods Manifest.lock */ = {
			isa = PBXShellScriptBuildPhase;
			buildActionMask = 2147483647;
			files = (
			);
			inputFileListPaths = (
			);
			inputPaths = (
				"${PODS_PODFILE_DIR_PATH}/Podfile.lock",
				"${PODS_ROOT}/Manifest.lock",
			);
			name = "[CP] Check Pods Manifest.lock";
			outputFileListPaths = (
			);
			outputPaths = (
				"$(DERIVED_FILE_DIR)/Pods-CleanSky-checkManifestLockResult.txt",
			);
			runOnlyForDeploymentPostprocessing = 0;
			shellPath = /bin/sh;
			shellScript = "diff \"${PODS_PODFILE_DIR_PATH}/Podfile.lock\" \"${PODS_ROOT}/Manifest.lock\" > /dev/null\nif [ $? != 0 ] ; then\n    # print error to STDERR\n    echo \"error: The sandbox is not in sync with the Podfile.lock. Run 'pod install' or update your CocoaPods installation.\" >&2\n    exit 1\nfi\n# This output is used by Xcode 'outputs' to avoid re-running this script phase.\necho \"SUCCESS\" > \"${SCRIPT_OUTPUT_FILE_0}\"\n";
			showEnvVarsInLog = 0;
		};
/* End PBXShellScriptBuildPhase section */

/* Begin PBXSourcesBuildPhase section */
		926DBADB2281FC0000B58B00 /* Sources */ = {
			isa = PBXSourcesBuildPhase;
			buildActionMask = 2147483647;
			files = (
				926DBAE52281FC0000B58B00 /* WeatherViewController.swift in Sources */,
				926DBAE32281FC0000B58B00 /* AppDelegate.swift in Sources */,
				925D2CE92282087500F14C2C /* WeatherDataModel.swift in Sources */,
				9224027C2286D84500B9733F /* Temperature.swift in Sources */,
				9224027A2286D80100B9733F /* TemperatureConverter.swift in Sources */,
			);
			runOnlyForDeploymentPostprocessing = 0;
		};
/* End PBXSourcesBuildPhase section */

/* Begin PBXVariantGroup section */
		926DBAE62281FC0000B58B00 /* Main.storyboard */ = {
			isa = PBXVariantGroup;
			children = (
				926DBAE72281FC0000B58B00 /* Base */,
			);
			name = Main.storyboard;
			sourceTree = "<group>";
		};
		926DBAEB2281FC0200B58B00 /* LaunchScreen.storyboard */ = {
			isa = PBXVariantGroup;
			children = (
				926DBAEC2281FC0200B58B00 /* Base */,
			);
			name = LaunchScreen.storyboard;
			sourceTree = "<group>";
		};
/* End PBXVariantGroup section */

/* Begin XCBuildConfiguration section */
		926DBAEF2281FC0200B58B00 /* Debug */ = {
			isa = XCBuildConfiguration;
			buildSettings = {
				ALWAYS_SEARCH_USER_PATHS = NO;
				CLANG_ANALYZER_NONNULL = YES;
				CLANG_ANALYZER_NUMBER_OBJECT_CONVERSION = YES_AGGRESSIVE;
				CLANG_CXX_LANGUAGE_STANDARD = "gnu++14";
				CLANG_CXX_LIBRARY = "libc++";
				CLANG_ENABLE_MODULES = YES;
				CLANG_ENABLE_OBJC_ARC = YES;
				CLANG_ENABLE_OBJC_WEAK = YES;
				CLANG_WARN_BLOCK_CAPTURE_AUTORELEASING = YES;
				CLANG_WARN_BOOL_CONVERSION = YES;
				CLANG_WARN_COMMA = YES;
				CLANG_WARN_CONSTANT_CONVERSION = YES;
				CLANG_WARN_DEPRECATED_OBJC_IMPLEMENTATIONS = YES;
				CLANG_WARN_DIRECT_OBJC_ISA_USAGE = YES_ERROR;
				CLANG_WARN_DOCUMENTATION_COMMENTS = YES;
				CLANG_WARN_EMPTY_BODY = YES;
				CLANG_WARN_ENUM_CONVERSION = YES;
				CLANG_WARN_INFINITE_RECURSION = YES;
				CLANG_WARN_INT_CONVERSION = YES;
				CLANG_WARN_NON_LITERAL_NULL_CONVERSION = YES;
				CLANG_WARN_OBJC_IMPLICIT_RETAIN_SELF = YES;
				CLANG_WARN_OBJC_LITERAL_CONVERSION = YES;
				CLANG_WARN_OBJC_ROOT_CLASS = YES_ERROR;
				CLANG_WARN_RANGE_LOOP_ANALYSIS = YES;
				CLANG_WARN_STRICT_PROTOTYPES = YES;
				CLANG_WARN_SUSPICIOUS_MOVE = YES;
				CLANG_WARN_UNGUARDED_AVAILABILITY = YES_AGGRESSIVE;
				CLANG_WARN_UNREACHABLE_CODE = YES;
				CLANG_WARN__DUPLICATE_METHOD_MATCH = YES;
				CODE_SIGN_IDENTITY = "iPhone Developer";
				COPY_PHASE_STRIP = NO;
				DEBUG_INFORMATION_FORMAT = dwarf;
				ENABLE_STRICT_OBJC_MSGSEND = YES;
				ENABLE_TESTABILITY = YES;
				GCC_C_LANGUAGE_STANDARD = gnu11;
				GCC_DYNAMIC_NO_PIC = NO;
				GCC_NO_COMMON_BLOCKS = YES;
				GCC_OPTIMIZATION_LEVEL = 0;
				GCC_PREPROCESSOR_DEFINITIONS = (
					"DEBUG=1",
					"$(inherited)",
				);
				GCC_WARN_64_TO_32_BIT_CONVERSION = YES;
				GCC_WARN_ABOUT_RETURN_TYPE = YES_ERROR;
				GCC_WARN_UNDECLARED_SELECTOR = YES;
				GCC_WARN_UNINITIALIZED_AUTOS = YES_AGGRESSIVE;
				GCC_WARN_UNUSED_FUNCTION = YES;
				GCC_WARN_UNUSED_VARIABLE = YES;
				IPHONEOS_DEPLOYMENT_TARGET = 12.2;
				MTL_ENABLE_DEBUG_INFO = INCLUDE_SOURCE;
				MTL_FAST_MATH = YES;
				ONLY_ACTIVE_ARCH = YES;
				SDKROOT = iphoneos;
				SWIFT_ACTIVE_COMPILATION_CONDITIONS = DEBUG;
				SWIFT_OPTIMIZATION_LEVEL = "-Onone";
			};
			name = Debug;
		};
		926DBAF02281FC0200B58B00 /* Release */ = {
			isa = XCBuildConfiguration;
			buildSettings = {
				ALWAYS_SEARCH_USER_PATHS = NO;
				CLANG_ANALYZER_NONNULL = YES;
				CLANG_ANALYZER_NUMBER_OBJECT_CONVERSION = YES_AGGRESSIVE;
				CLANG_CXX_LANGUAGE_STANDARD = "gnu++14";
				CLANG_CXX_LIBRARY = "libc++";
				CLANG_ENABLE_MODULES = YES;
				CLANG_ENABLE_OBJC_ARC = YES;
				CLANG_ENABLE_OBJC_WEAK = YES;
				CLANG_WARN_BLOCK_CAPTURE_AUTORELEASING = YES;
				CLANG_WARN_BOOL_CONVERSION = YES;
				CLANG_WARN_COMMA = YES;
				CLANG_WARN_CONSTANT_CONVERSION = YES;
				CLANG_WARN_DEPRECATED_OBJC_IMPLEMENTATIONS = YES;
				CLANG_WARN_DIRECT_OBJC_ISA_USAGE = YES_ERROR;
				CLANG_WARN_DOCUMENTATION_COMMENTS = YES;
				CLANG_WARN_EMPTY_BODY = YES;
				CLANG_WARN_ENUM_CONVERSION = YES;
				CLANG_WARN_INFINITE_RECURSION = YES;
				CLANG_WARN_INT_CONVERSION = YES;
				CLANG_WARN_NON_LITERAL_NULL_CONVERSION = YES;
				CLANG_WARN_OBJC_IMPLICIT_RETAIN_SELF = YES;
				CLANG_WARN_OBJC_LITERAL_CONVERSION = YES;
				CLANG_WARN_OBJC_ROOT_CLASS = YES_ERROR;
				CLANG_WARN_RANGE_LOOP_ANALYSIS = YES;
				CLANG_WARN_STRICT_PROTOTYPES = YES;
				CLANG_WARN_SUSPICIOUS_MOVE = YES;
				CLANG_WARN_UNGUARDED_AVAILABILITY = YES_AGGRESSIVE;
				CLANG_WARN_UNREACHABLE_CODE = YES;
				CLANG_WARN__DUPLICATE_METHOD_MATCH = YES;
				CODE_SIGN_IDENTITY = "iPhone Developer";
				COPY_PHASE_STRIP = NO;
				DEBUG_INFORMATION_FORMAT = "dwarf-with-dsym";
				ENABLE_NS_ASSERTIONS = NO;
				ENABLE_STRICT_OBJC_MSGSEND = YES;
				GCC_C_LANGUAGE_STANDARD = gnu11;
				GCC_NO_COMMON_BLOCKS = YES;
				GCC_WARN_64_TO_32_BIT_CONVERSION = YES;
				GCC_WARN_ABOUT_RETURN_TYPE = YES_ERROR;
				GCC_WARN_UNDECLARED_SELECTOR = YES;
				GCC_WARN_UNINITIALIZED_AUTOS = YES_AGGRESSIVE;
				GCC_WARN_UNUSED_FUNCTION = YES;
				GCC_WARN_UNUSED_VARIABLE = YES;
				IPHONEOS_DEPLOYMENT_TARGET = 12.2;
				MTL_ENABLE_DEBUG_INFO = NO;
				MTL_FAST_MATH = YES;
				SDKROOT = iphoneos;
				SWIFT_COMPILATION_MODE = wholemodule;
				SWIFT_OPTIMIZATION_LEVEL = "-O";
				VALIDATE_PRODUCT = YES;
			};
			name = Release;
		};
		926DBAF22281FC0200B58B00 /* Debug */ = {
			isa = XCBuildConfiguration;
			baseConfigurationReference = D36797786896F22FACC2B228 /* Pods-CleanSky.debug.xcconfig */;
			buildSettings = {
				ASSETCATALOG_COMPILER_APPICON_NAME = AppIcon;
				CODE_SIGN_STYLE = Automatic;
				DEVELOPMENT_TEAM = 29UN6WTSCZ;
				INFOPLIST_FILE = "$(SRCROOT)/CleanSky/SupportingFiles/Info.plist";
				LD_RUNPATH_SEARCH_PATHS = (
					"$(inherited)",
					"@executable_path/Frameworks",
				);
				PRODUCT_BUNDLE_IDENTIFIER = VladimirBrejcha.CleanSky;
				PRODUCT_NAME = "$(TARGET_NAME)";
				SWIFT_VERSION = 5.0;
				TARGETED_DEVICE_FAMILY = 1;
			};
			name = Debug;
		};
		926DBAF32281FC0200B58B00 /* Release */ = {
			isa = XCBuildConfiguration;
			baseConfigurationReference = 614D510A3BA4B233C8150B42 /* Pods-CleanSky.release.xcconfig */;
			buildSettings = {
				ASSETCATALOG_COMPILER_APPICON_NAME = AppIcon;
				CODE_SIGN_STYLE = Automatic;
				DEVELOPMENT_TEAM = 29UN6WTSCZ;
				INFOPLIST_FILE = "$(SRCROOT)/CleanSky/SupportingFiles/Info.plist";
				LD_RUNPATH_SEARCH_PATHS = (
					"$(inherited)",
					"@executable_path/Frameworks",
				);
				PRODUCT_BUNDLE_IDENTIFIER = VladimirBrejcha.CleanSky;
				PRODUCT_NAME = "$(TARGET_NAME)";
				SWIFT_VERSION = 5.0;
				TARGETED_DEVICE_FAMILY = 1;
			};
			name = Release;
		};
/* End XCBuildConfiguration section */

/* Begin XCConfigurationList section */
		926DBADA2281FC0000B58B00 /* Build configuration list for PBXProject "CleanSky" */ = {
			isa = XCConfigurationList;
			buildConfigurations = (
				926DBAEF2281FC0200B58B00 /* Debug */,
				926DBAF02281FC0200B58B00 /* Release */,
			);
			defaultConfigurationIsVisible = 0;
			defaultConfigurationName = Release;
		};
		926DBAF12281FC0200B58B00 /* Build configuration list for PBXNativeTarget "CleanSky" */ = {
			isa = XCConfigurationList;
			buildConfigurations = (
				926DBAF22281FC0200B58B00 /* Debug */,
				926DBAF32281FC0200B58B00 /* Release */,
			);
			defaultConfigurationIsVisible = 0;
			defaultConfigurationName = Release;
		};
/* End XCConfigurationList section */
	};
	rootObject = 926DBAD72281FC0000B58B00 /* Project object */;
}
